
Microsoft Visual Studio Solution File, Format Version 12.00
# Visual Studio Version 16
VisualStudioVersion = 16.0.30011.22
MinimumVisualStudioVersion = 15.0.26124.0
Project("{F2A71F9B-5D33-465A-A702-920D77279786}") = "minebuilder", "minebuilder\minebuilder.fsproj", "{20A8A9EB-C3B8-4597-AB98-FD1C1CEA1640}"
EndProject
Project("{F2A71F9B-5D33-465A-A702-920D77279786}") = "langtests", "langtests\langtests.fsproj", "{B07EC88C-CCE1-4AAC-8A39-B9C5F1349E19}"
EndProject
Global
	GlobalSection(SolutionConfigurationPlatforms) = preSolution
		Debug|Any CPU = Debug|Any CPU
		Debug|x64 = Debug|x64
		Debug|x86 = Debug|x86
		Release|Any CPU = Release|Any CPU
		Release|x64 = Release|x64
		Release|x86 = Release|x86
	EndGlobalSection
	GlobalSection(ProjectConfigurationPlatforms) = postSolution
		{20A8A9EB-C3B8-4597-AB98-FD1C1CEA1640}.Debug|Any CPU.ActiveCfg = Debug|Any CPU
		{20A8A9EB-C3B8-4597-AB98-FD1C1CEA1640}.Debug|Any CPU.Build.0 = Debug|Any CPU
		{20A8A9EB-C3B8-4597-AB98-FD1C1CEA1640}.Debug|x64.ActiveCfg = Debug|Any CPU
		{20A8A9EB-C3B8-4597-AB98-FD1C1CEA1640}.Debug|x64.Build.0 = Debug|Any CPU
		{20A8A9EB-C3B8-4597-AB98-FD1C1CEA1640}.Debug|x86.ActiveCfg = Debug|Any CPU
		{20A8A9EB-C3B8-4597-AB98-FD1C1CEA1640}.Debug|x86.Build.0 = Debug|Any CPU
		{20A8A9EB-C3B8-4597-AB98-FD1C1CEA1640}.Release|Any CPU.ActiveCfg = Release|Any CPU
		{20A8A9EB-C3B8-4597-AB98-FD1C1CEA1640}.Release|Any CPU.Build.0 = Release|Any CPU
		{20A8A9EB-C3B8-4597-AB98-FD1C1CEA1640}.Release|x64.ActiveCfg = Release|Any CPU
		{20A8A9EB-C3B8-4597-AB98-FD1C1CEA1640}.Release|x64.Build.0 = Release|Any CPU
		{20A8A9EB-C3B8-4597-AB98-FD1C1CEA1640}.Release|x86.ActiveCfg = Release|Any CPU
		{20A8A9EB-C3B8-4597-AB98-FD1C1CEA1640}.Release|x86.Build.0 = Release|Any CPU
		{B07EC88C-CCE1-4AAC-8A39-B9C5F1349E19}.Debug|Any CPU.ActiveCfg = Debug|Any CPU
		{B07EC88C-CCE1-4AAC-8A39-B9C5F1349E19}.Debug|Any CPU.Build.0 = Debug|Any CPU
		{B07EC88C-CCE1-4AAC-8A39-B9C5F1349E19}.Debug|x64.ActiveCfg = Debug|Any CPU
		{B07EC88C-CCE1-4AAC-8A39-B9C5F1349E19}.Debug|x64.Build.0 = Debug|Any CPU
		{B07EC88C-CCE1-4AAC-8A39-B9C5F1349E19}.Debug|x86.ActiveCfg = Debug|Any CPU
		{B07EC88C-CCE1-4AAC-8A39-B9C5F1349E19}.Debug|x86.Build.0 = Debug|Any CPU
		{B07EC88C-CCE1-4AAC-8A39-B9C5F1349E19}.Release|Any CPU.ActiveCfg = Release|Any CPU
		{B07EC88C-CCE1-4AAC-8A39-B9C5F1349E19}.Release|Any CPU.Build.0 = Release|Any CPU
		{B07EC88C-CCE1-4AAC-8A39-B9C5F1349E19}.Release|x64.ActiveCfg = Release|Any CPU
		{B07EC88C-CCE1-4AAC-8A39-B9C5F1349E19}.Release|x64.Build.0 = Release|Any CPU
		{B07EC88C-CCE1-4AAC-8A39-B9C5F1349E19}.Release|x86.ActiveCfg = Release|Any CPU
		{B07EC88C-CCE1-4AAC-8A39-B9C5F1349E19}.Release|x86.Build.0 = Release|Any CPU
	EndGlobalSection
	GlobalSection(SolutionProperties) = preSolution
		HideSolutionNode = FALSE
	EndGlobalSection
	GlobalSection(ExtensibilityGlobals) = postSolution
		SolutionGuid = {189D49FD-B1BD-4543-82E8-281119FC49FA}
	EndGlobalSection
EndGlobal
